
Microsoft Visual Studio Solution File, Format Version 12.00
# Visual Studio Version 17
VisualStudioVersion = 17.10.34928.147
MinimumVisualStudioVersion = 10.0.40219.1
Project("{9A19103F-16F7-4668-BE54-9A1E7A4F7556}") = "CodeGenerate", "CodeGenerate\CodeGenerate.csproj", "{3186706D-756D-4C45-B92C-5CBC5CBBEBA1}"
EndProject
Project("{2150E333-8FDC-42A3-9474-1A3956D46DE8}") = "Solution Items", "Solution Items", "{A36E832E-3028-41CC-9201-314FA56C1B8B}"
	ProjectSection(SolutionItems) = preProject
		.editorconfig = .editorconfig
	EndProjectSection
EndProject
Global
	GlobalSection(SolutionConfigurationPlatforms) = preSolution
		Debug|Any CPU = Debug|Any CPU
		Release|Any CPU = Release|Any CPU
	EndGlobalSection
	GlobalSection(ProjectConfigurationPlatforms) = postSolution
		{3186706D-756D-4C45-B92C-5CBC5CBBEBA1}.Debug|Any CPU.ActiveCfg = Debug|Any CPU
		{3186706D-756D-4C45-B92C-5CBC5CBBEBA1}.Debug|Any CPU.Build.0 = Debug|Any CPU
		{3186706D-756D-4C45-B92C-5CBC5CBBEBA1}.Release|Any CPU.ActiveCfg = Release|Any CPU
		{3186706D-756D-4C45-B92C-5CBC5CBBEBA1}.Release|Any CPU.Build.0 = Release|Any CPU
	EndGlobalSection
	GlobalSection(SolutionProperties) = preSolution
		HideSolutionNode = FALSE
	EndGlobalSection
	GlobalSection(ExtensibilityGlobals) = postSolution
		SolutionGuid = {61B5D437-BFCF-4B02-A4DA-FAA12FD5AD1C}
	EndGlobalSection
EndGlobal
